
Microsoft Visual Studio Solution File, Format Version 12.00
# Visual Studio 2013
VisualStudioVersion = 12.0.21005.1
MinimumVisualStudioVersion = 10.0.40219.1
Project("{FAE04EC0-301F-11D3-BF4B-00C04F79EFBC}") = "SiteReservation", "SiteReservation\SiteReservation.csproj", "{CD6A185E-3ED3-45E4-BD3F-267C258EB7DD}"
EndProject
Project("{2150E333-8FDC-42A3-9474-1A3956D46DE8}") = "UserInterface", "UserInterface", "{FCE80C06-5858-4D78-8CB0-C135E9ED3E4E}"
EndProject
Project("{2150E333-8FDC-42A3-9474-1A3956D46DE8}") = "DataAccessLayerReservation", "DataAccessLayerReservation", "{8291898C-C802-4A58-AAB3-3510C03AB2E3}"
EndProject
Project("{2150E333-8FDC-42A3-9474-1A3956D46DE8}") = "DataAccessLayerConsultation", "DataAccessLayerConsultation", "{72A2C301-AA7A-4936-93AF-E98B0172B627}"
EndProject
Project("{2150E333-8FDC-42A3-9474-1A3956D46DE8}") = "BusinessLayer", "BusinessLayer", "{EE937EBE-4459-4B9F-A7BD-43DD8F34E457}"
EndProject
Project("{2150E333-8FDC-42A3-9474-1A3956D46DE8}") = "Services", "Services", "{FC0DA0FD-0671-4563-AD7F-12F55A6DFDA0}"
EndProject
Project("{2150E333-8FDC-42A3-9474-1A3956D46DE8}") = "Services", "Services", "{DBE35212-DBCD-4601-986F-BCF6ED1F4E0A}"
EndProject
Project("{FAE04EC0-301F-11D3-BF4B-00C04F79EFBC}") = "WSHotelConsultation", "WSHotelConsultation\WSHotelConsultation.csproj", "{75968ABF-EB1B-448A-8798-ED2F8D5F4169}"
EndProject
Project("{FAE04EC0-301F-11D3-BF4B-00C04F79EFBC}") = "WSHotelReservation", "WSHotelReservation\WSHotelReservation.csproj", "{16D07B51-54A7-442F-90F4-36F027DB2BCC}"
EndProject
Project("{FAE04EC0-301F-11D3-BF4B-00C04F79EFBC}") = "WSVolConsultation", "WSVolConsultation\WSVolConsultation.csproj", "{AF420AD2-B233-4A6E-A162-D73096976465}"
EndProject
Project("{FAE04EC0-301F-11D3-BF4B-00C04F79EFBC}") = "WSVolReservation", "WSVolReservation\WSVolReservation.csproj", "{4306C8CB-232A-411E-8D88-C4556EE6B8BB}"
EndProject
Project("{FAE04EC0-301F-11D3-BF4B-00C04F79EFBC}") = "libValiderCommande", "libValiderCommande\libValiderCommande.csproj", "{D830FE7D-3A49-4A7D-B56F-A397B55493B2}"
EndProject
Project("{FAE04EC0-301F-11D3-BF4B-00C04F79EFBC}") = "libReservationVol", "libReservationVol\libReservationVol.csproj", "{88C42AD1-F169-4BD7-A51B-13562BE7A906}"
EndProject
Project("{FAE04EC0-301F-11D3-BF4B-00C04F79EFBC}") = "libConsulteHotel", "libConsulteHotel\libConsulteHotel.csproj", "{2535A991-A843-4AA0-AAAB-584D7929B5C3}"
EndProject
Project("{FAE04EC0-301F-11D3-BF4B-00C04F79EFBC}") = "libConsulteVol", "libConsulteVol\libConsulteVol.csproj", "{D8ABA5CC-DB27-4B77-AD9F-BF12191A065E}"
EndProject
Project("{FAE04EC0-301F-11D3-BF4B-00C04F79EFBC}") = "libReservationHotel", "libReservationHotel\libReservationHotel.csproj", "{0262EA23-9A51-45F3-AB1E-43F0E9C2055E}"
EndProject
Global
	GlobalSection(SolutionConfigurationPlatforms) = preSolution
		Debug|Any CPU = Debug|Any CPU
		Release|Any CPU = Release|Any CPU
	EndGlobalSection
	GlobalSection(ProjectConfigurationPlatforms) = postSolution
		{CD6A185E-3ED3-45E4-BD3F-267C258EB7DD}.Debug|Any CPU.ActiveCfg = Debug|Any CPU
		{CD6A185E-3ED3-45E4-BD3F-267C258EB7DD}.Debug|Any CPU.Build.0 = Debug|Any CPU
		{CD6A185E-3ED3-45E4-BD3F-267C258EB7DD}.Release|Any CPU.ActiveCfg = Release|Any CPU
		{CD6A185E-3ED3-45E4-BD3F-267C258EB7DD}.Release|Any CPU.Build.0 = Release|Any CPU
		{75968ABF-EB1B-448A-8798-ED2F8D5F4169}.Debug|Any CPU.ActiveCfg = Debug|Any CPU
		{75968ABF-EB1B-448A-8798-ED2F8D5F4169}.Debug|Any CPU.Build.0 = Debug|Any CPU
		{75968ABF-EB1B-448A-8798-ED2F8D5F4169}.Release|Any CPU.ActiveCfg = Release|Any CPU
		{75968ABF-EB1B-448A-8798-ED2F8D5F4169}.Release|Any CPU.Build.0 = Release|Any CPU
		{16D07B51-54A7-442F-90F4-36F027DB2BCC}.Debug|Any CPU.ActiveCfg = Debug|Any CPU
		{16D07B51-54A7-442F-90F4-36F027DB2BCC}.Debug|Any CPU.Build.0 = Debug|Any CPU
		{16D07B51-54A7-442F-90F4-36F027DB2BCC}.Release|Any CPU.ActiveCfg = Release|Any CPU
		{16D07B51-54A7-442F-90F4-36F027DB2BCC}.Release|Any CPU.Build.0 = Release|Any CPU
		{AF420AD2-B233-4A6E-A162-D73096976465}.Debug|Any CPU.ActiveCfg = Debug|Any CPU
		{AF420AD2-B233-4A6E-A162-D73096976465}.Debug|Any CPU.Build.0 = Debug|Any CPU
		{AF420AD2-B233-4A6E-A162-D73096976465}.Release|Any CPU.ActiveCfg = Release|Any CPU
		{AF420AD2-B233-4A6E-A162-D73096976465}.Release|Any CPU.Build.0 = Release|Any CPU
		{4306C8CB-232A-411E-8D88-C4556EE6B8BB}.Debug|Any CPU.ActiveCfg = Debug|Any CPU
		{4306C8CB-232A-411E-8D88-C4556EE6B8BB}.Debug|Any CPU.Build.0 = Debug|Any CPU
		{4306C8CB-232A-411E-8D88-C4556EE6B8BB}.Release|Any CPU.ActiveCfg = Release|Any CPU
		{4306C8CB-232A-411E-8D88-C4556EE6B8BB}.Release|Any CPU.Build.0 = Release|Any CPU
		{D830FE7D-3A49-4A7D-B56F-A397B55493B2}.Debug|Any CPU.ActiveCfg = Debug|Any CPU
		{D830FE7D-3A49-4A7D-B56F-A397B55493B2}.Debug|Any CPU.Build.0 = Debug|Any CPU
		{D830FE7D-3A49-4A7D-B56F-A397B55493B2}.Release|Any CPU.ActiveCfg = Release|Any CPU
		{D830FE7D-3A49-4A7D-B56F-A397B55493B2}.Release|Any CPU.Build.0 = Release|Any CPU
		{88C42AD1-F169-4BD7-A51B-13562BE7A906}.Debug|Any CPU.ActiveCfg = Debug|Any CPU
		{88C42AD1-F169-4BD7-A51B-13562BE7A906}.Debug|Any CPU.Build.0 = Debug|Any CPU
		{88C42AD1-F169-4BD7-A51B-13562BE7A906}.Release|Any CPU.ActiveCfg = Release|Any CPU
		{88C42AD1-F169-4BD7-A51B-13562BE7A906}.Release|Any CPU.Build.0 = Release|Any CPU
		{2535A991-A843-4AA0-AAAB-584D7929B5C3}.Debug|Any CPU.ActiveCfg = Debug|Any CPU
		{2535A991-A843-4AA0-AAAB-584D7929B5C3}.Debug|Any CPU.Build.0 = Debug|Any CPU
		{2535A991-A843-4AA0-AAAB-584D7929B5C3}.Release|Any CPU.ActiveCfg = Release|Any CPU
		{2535A991-A843-4AA0-AAAB-584D7929B5C3}.Release|Any CPU.Build.0 = Release|Any CPU
		{D8ABA5CC-DB27-4B77-AD9F-BF12191A065E}.Debug|Any CPU.ActiveCfg = Debug|Any CPU
		{D8ABA5CC-DB27-4B77-AD9F-BF12191A065E}.Debug|Any CPU.Build.0 = Debug|Any CPU
		{D8ABA5CC-DB27-4B77-AD9F-BF12191A065E}.Release|Any CPU.ActiveCfg = Release|Any CPU
		{D8ABA5CC-DB27-4B77-AD9F-BF12191A065E}.Release|Any CPU.Build.0 = Release|Any CPU
		{0262EA23-9A51-45F3-AB1E-43F0E9C2055E}.Debug|Any CPU.ActiveCfg = Debug|Any CPU
		{0262EA23-9A51-45F3-AB1E-43F0E9C2055E}.Debug|Any CPU.Build.0 = Debug|Any CPU
		{0262EA23-9A51-45F3-AB1E-43F0E9C2055E}.Release|Any CPU.ActiveCfg = Release|Any CPU
		{0262EA23-9A51-45F3-AB1E-43F0E9C2055E}.Release|Any CPU.Build.0 = Release|Any CPU
	EndGlobalSection
	GlobalSection(SolutionProperties) = preSolution
		HideSolutionNode = FALSE
	EndGlobalSection
	GlobalSection(NestedProjects) = preSolution
		{CD6A185E-3ED3-45E4-BD3F-267C258EB7DD} = {FCE80C06-5858-4D78-8CB0-C135E9ED3E4E}
		{DBE35212-DBCD-4601-986F-BCF6ED1F4E0A} = {8291898C-C802-4A58-AAB3-3510C03AB2E3}
		{88C42AD1-F169-4BD7-A51B-13562BE7A906} = {8291898C-C802-4A58-AAB3-3510C03AB2E3}
		{0262EA23-9A51-45F3-AB1E-43F0E9C2055E} = {8291898C-C802-4A58-AAB3-3510C03AB2E3}
		{FC0DA0FD-0671-4563-AD7F-12F55A6DFDA0} = {72A2C301-AA7A-4936-93AF-E98B0172B627}
		{2535A991-A843-4AA0-AAAB-584D7929B5C3} = {72A2C301-AA7A-4936-93AF-E98B0172B627}
		{D8ABA5CC-DB27-4B77-AD9F-BF12191A065E} = {72A2C301-AA7A-4936-93AF-E98B0172B627}
		{D830FE7D-3A49-4A7D-B56F-A397B55493B2} = {EE937EBE-4459-4B9F-A7BD-43DD8F34E457}
		{75968ABF-EB1B-448A-8798-ED2F8D5F4169} = {FC0DA0FD-0671-4563-AD7F-12F55A6DFDA0}
		{AF420AD2-B233-4A6E-A162-D73096976465} = {FC0DA0FD-0671-4563-AD7F-12F55A6DFDA0}
		{16D07B51-54A7-442F-90F4-36F027DB2BCC} = {DBE35212-DBCD-4601-986F-BCF6ED1F4E0A}
		{4306C8CB-232A-411E-8D88-C4556EE6B8BB} = {DBE35212-DBCD-4601-986F-BCF6ED1F4E0A}
	EndGlobalSection
EndGlobal
