
Microsoft Visual Studio Solution File, Format Version 12.00
# Visual Studio 2013
VisualStudioVersion = 12.0.21005.1
MinimumVisualStudioVersion = 10.0.40219.1
Project("{FAE04EC0-301F-11D3-BF4B-00C04F79EFBC}") = "SiteReservation", "SiteReservation\SiteReservation.csproj", "{CD6A185E-3ED3-45E4-BD3F-267C258EB7DD}"
EndProject
Project("{2150E333-8FDC-42A3-9474-1A3956D46DE8}") = "UserInterface", "UserInterface", "{FCE80C06-5858-4D78-8CB0-C135E9ED3E4E}"
EndProject
Project("{2150E333-8FDC-42A3-9474-1A3956D46DE8}") = "DataAccessLayerReservation", "DataAccessLayerReservation", "{8291898C-C802-4A58-AAB3-3510C03AB2E3}"
EndProject
Project("{2150E333-8FDC-42A3-9474-1A3956D46DE8}") = "DataAccessLayerConsultation", "DataAccessLayerConsultation", "{72A2C301-AA7A-4936-93AF-E98B0172B627}"
EndProject
Project("{2150E333-8FDC-42A3-9474-1A3956D46DE8}") = "BusinessLayer", "BusinessLayer", "{EE937EBE-4459-4B9F-A7BD-43DD8F34E457}"
EndProject
Project("{2150E333-8FDC-42A3-9474-1A3956D46DE8}") = "Services", "Services", "{FC0DA0FD-0671-4563-AD7F-12F55A6DFDA0}"
EndProject
Project("{FAE04EC0-301F-11D3-BF4B-00C04F79EFBC}") = "WSHotelConsultation", "WSHotelConsultation\WSHotelConsultation.csproj", "{75968ABF-EB1B-448A-8798-ED2F8D5F4169}"
EndProject
Project("{FAE04EC0-301F-11D3-BF4B-00C04F79EFBC}") = "WSVolConsultation", "WSVolConsultation\WSVolConsultation.csproj", "{AF420AD2-B233-4A6E-A162-D73096976465}"
EndProject
Project("{FAE04EC0-301F-11D3-BF4B-00C04F79EFBC}") = "libReservationVol", "libReservationVol\libReservationVol.csproj", "{88C42AD1-F169-4BD7-A51B-13562BE7A906}"
EndProject
Project("{FAE04EC0-301F-11D3-BF4B-00C04F79EFBC}") = "libConsulteHotel", "libConsulteHotel\libConsulteHotel.csproj", "{2535A991-A843-4AA0-AAAB-584D7929B5C3}"
EndProject
Project("{FAE04EC0-301F-11D3-BF4B-00C04F79EFBC}") = "libConsulteVol", "libConsulteVol\libConsulteVol.csproj", "{D8ABA5CC-DB27-4B77-AD9F-BF12191A065E}"
EndProject
Project("{FAE04EC0-301F-11D3-BF4B-00C04F79EFBC}") = "libReservationHotel", "libReservationHotel\libReservationHotel.csproj", "{0262EA23-9A51-45F3-AB1E-43F0E9C2055E}"
EndProject
Project("{2150E333-8FDC-42A3-9474-1A3956D46DE8}") = "Model", "Model", "{4737D0BF-B2B5-4645-9BF0-FAA8C97117FB}"
EndProject
Project("{FAE04EC0-301F-11D3-BF4B-00C04F79EFBC}") = "VolModel", "ClassLibrary1\VolModel.csproj", "{9529C3DD-01CF-497F-8B70-4246C472C672}"
EndProject
Project("{FAE04EC0-301F-11D3-BF4B-00C04F79EFBC}") = "ClientModel", "ClassLibrary2\ClientModel.csproj", "{5B64B888-AF60-4728-AFC4-F5036067EABE}"
EndProject
Project("{FAE04EC0-301F-11D3-BF4B-00C04F79EFBC}") = "HotelModel", "HotelModel\HotelModel.csproj", "{A2912AE5-B45D-47AD-BE26-688F749B577C}"
EndProject
Project("{FAE04EC0-301F-11D3-BF4B-00C04F79EFBC}") = "libClient", "libClient\libClient.csproj", "{86582637-841D-4F48-ADCC-D25213E54EA8}"
EndProject
Project("{FAE04EC0-301F-11D3-BF4B-00C04F79EFBC}") = "EnregistrementReservations", "EnregistrementReservations\EnregistrementReservations.csproj", "{C9B6AF81-62CD-459A-9493-AD86AC47CC42}"
EndProject
Project("{FAE04EC0-301F-11D3-BF4B-00C04F79EFBC}") = "libEnregistrerReservation", "libValiderCommande\libEnregistrerReservation.csproj", "{F47EF90A-A6E8-4BEA-9B13-01D1DBEB5246}"
EndProject
Project("{FAE04EC0-301F-11D3-BF4B-00C04F79EFBC}") = "libConsulteAeroports", "libConsulteAeroports\libConsulteAeroports.csproj", "{E80A422E-A2EB-4E1B-9428-EA2B6E5194FF}"
EndProject
Global
	GlobalSection(SolutionConfigurationPlatforms) = preSolution
		Debug|Any CPU = Debug|Any CPU
		Release|Any CPU = Release|Any CPU
	EndGlobalSection
	GlobalSection(ProjectConfigurationPlatforms) = postSolution
		{CD6A185E-3ED3-45E4-BD3F-267C258EB7DD}.Debug|Any CPU.ActiveCfg = Debug|Any CPU
		{CD6A185E-3ED3-45E4-BD3F-267C258EB7DD}.Debug|Any CPU.Build.0 = Debug|Any CPU
		{CD6A185E-3ED3-45E4-BD3F-267C258EB7DD}.Release|Any CPU.ActiveCfg = Release|Any CPU
		{CD6A185E-3ED3-45E4-BD3F-267C258EB7DD}.Release|Any CPU.Build.0 = Release|Any CPU
		{75968ABF-EB1B-448A-8798-ED2F8D5F4169}.Debug|Any CPU.ActiveCfg = Debug|Any CPU
		{75968ABF-EB1B-448A-8798-ED2F8D5F4169}.Debug|Any CPU.Build.0 = Debug|Any CPU
		{75968ABF-EB1B-448A-8798-ED2F8D5F4169}.Release|Any CPU.ActiveCfg = Release|Any CPU
		{75968ABF-EB1B-448A-8798-ED2F8D5F4169}.Release|Any CPU.Build.0 = Release|Any CPU
		{AF420AD2-B233-4A6E-A162-D73096976465}.Debug|Any CPU.ActiveCfg = Debug|Any CPU
		{AF420AD2-B233-4A6E-A162-D73096976465}.Debug|Any CPU.Build.0 = Debug|Any CPU
		{AF420AD2-B233-4A6E-A162-D73096976465}.Release|Any CPU.ActiveCfg = Release|Any CPU
		{AF420AD2-B233-4A6E-A162-D73096976465}.Release|Any CPU.Build.0 = Release|Any CPU
		{88C42AD1-F169-4BD7-A51B-13562BE7A906}.Debug|Any CPU.ActiveCfg = Debug|Any CPU
		{88C42AD1-F169-4BD7-A51B-13562BE7A906}.Debug|Any CPU.Build.0 = Debug|Any CPU
		{88C42AD1-F169-4BD7-A51B-13562BE7A906}.Release|Any CPU.ActiveCfg = Release|Any CPU
		{88C42AD1-F169-4BD7-A51B-13562BE7A906}.Release|Any CPU.Build.0 = Release|Any CPU
		{2535A991-A843-4AA0-AAAB-584D7929B5C3}.Debug|Any CPU.ActiveCfg = Debug|Any CPU
		{2535A991-A843-4AA0-AAAB-584D7929B5C3}.Debug|Any CPU.Build.0 = Debug|Any CPU
		{2535A991-A843-4AA0-AAAB-584D7929B5C3}.Release|Any CPU.ActiveCfg = Release|Any CPU
		{2535A991-A843-4AA0-AAAB-584D7929B5C3}.Release|Any CPU.Build.0 = Release|Any CPU
		{D8ABA5CC-DB27-4B77-AD9F-BF12191A065E}.Debug|Any CPU.ActiveCfg = Debug|Any CPU
		{D8ABA5CC-DB27-4B77-AD9F-BF12191A065E}.Debug|Any CPU.Build.0 = Debug|Any CPU
		{D8ABA5CC-DB27-4B77-AD9F-BF12191A065E}.Release|Any CPU.ActiveCfg = Release|Any CPU
		{D8ABA5CC-DB27-4B77-AD9F-BF12191A065E}.Release|Any CPU.Build.0 = Release|Any CPU
		{0262EA23-9A51-45F3-AB1E-43F0E9C2055E}.Debug|Any CPU.ActiveCfg = Debug|Any CPU
		{0262EA23-9A51-45F3-AB1E-43F0E9C2055E}.Debug|Any CPU.Build.0 = Debug|Any CPU
		{0262EA23-9A51-45F3-AB1E-43F0E9C2055E}.Release|Any CPU.ActiveCfg = Release|Any CPU
		{0262EA23-9A51-45F3-AB1E-43F0E9C2055E}.Release|Any CPU.Build.0 = Release|Any CPU
		{9529C3DD-01CF-497F-8B70-4246C472C672}.Debug|Any CPU.ActiveCfg = Debug|Any CPU
		{9529C3DD-01CF-497F-8B70-4246C472C672}.Debug|Any CPU.Build.0 = Debug|Any CPU
		{9529C3DD-01CF-497F-8B70-4246C472C672}.Release|Any CPU.ActiveCfg = Release|Any CPU
		{9529C3DD-01CF-497F-8B70-4246C472C672}.Release|Any CPU.Build.0 = Release|Any CPU
		{5B64B888-AF60-4728-AFC4-F5036067EABE}.Debug|Any CPU.ActiveCfg = Debug|Any CPU
		{5B64B888-AF60-4728-AFC4-F5036067EABE}.Debug|Any CPU.Build.0 = Debug|Any CPU
		{5B64B888-AF60-4728-AFC4-F5036067EABE}.Release|Any CPU.ActiveCfg = Release|Any CPU
		{5B64B888-AF60-4728-AFC4-F5036067EABE}.Release|Any CPU.Build.0 = Release|Any CPU
		{A2912AE5-B45D-47AD-BE26-688F749B577C}.Debug|Any CPU.ActiveCfg = Debug|Any CPU
		{A2912AE5-B45D-47AD-BE26-688F749B577C}.Debug|Any CPU.Build.0 = Debug|Any CPU
		{A2912AE5-B45D-47AD-BE26-688F749B577C}.Release|Any CPU.ActiveCfg = Release|Any CPU
		{A2912AE5-B45D-47AD-BE26-688F749B577C}.Release|Any CPU.Build.0 = Release|Any CPU
		{86582637-841D-4F48-ADCC-D25213E54EA8}.Debug|Any CPU.ActiveCfg = Debug|Any CPU
		{86582637-841D-4F48-ADCC-D25213E54EA8}.Debug|Any CPU.Build.0 = Debug|Any CPU
		{86582637-841D-4F48-ADCC-D25213E54EA8}.Release|Any CPU.ActiveCfg = Release|Any CPU
		{86582637-841D-4F48-ADCC-D25213E54EA8}.Release|Any CPU.Build.0 = Release|Any CPU
		{C9B6AF81-62CD-459A-9493-AD86AC47CC42}.Debug|Any CPU.ActiveCfg = Debug|Any CPU
		{C9B6AF81-62CD-459A-9493-AD86AC47CC42}.Debug|Any CPU.Build.0 = Debug|Any CPU
		{C9B6AF81-62CD-459A-9493-AD86AC47CC42}.Release|Any CPU.ActiveCfg = Release|Any CPU
		{C9B6AF81-62CD-459A-9493-AD86AC47CC42}.Release|Any CPU.Build.0 = Release|Any CPU
		{F47EF90A-A6E8-4BEA-9B13-01D1DBEB5246}.Debug|Any CPU.ActiveCfg = Debug|Any CPU
		{F47EF90A-A6E8-4BEA-9B13-01D1DBEB5246}.Debug|Any CPU.Build.0 = Debug|Any CPU
		{F47EF90A-A6E8-4BEA-9B13-01D1DBEB5246}.Release|Any CPU.ActiveCfg = Release|Any CPU
		{F47EF90A-A6E8-4BEA-9B13-01D1DBEB5246}.Release|Any CPU.Build.0 = Release|Any CPU
		{E80A422E-A2EB-4E1B-9428-EA2B6E5194FF}.Debug|Any CPU.ActiveCfg = Debug|Any CPU
		{E80A422E-A2EB-4E1B-9428-EA2B6E5194FF}.Debug|Any CPU.Build.0 = Debug|Any CPU
		{E80A422E-A2EB-4E1B-9428-EA2B6E5194FF}.Release|Any CPU.ActiveCfg = Release|Any CPU
		{E80A422E-A2EB-4E1B-9428-EA2B6E5194FF}.Release|Any CPU.Build.0 = Release|Any CPU
	EndGlobalSection
	GlobalSection(SolutionProperties) = preSolution
		HideSolutionNode = FALSE
	EndGlobalSection
	GlobalSection(NestedProjects) = preSolution
		{CD6A185E-3ED3-45E4-BD3F-267C258EB7DD} = {FCE80C06-5858-4D78-8CB0-C135E9ED3E4E}
		{C9B6AF81-62CD-459A-9493-AD86AC47CC42} = {FCE80C06-5858-4D78-8CB0-C135E9ED3E4E}
		{88C42AD1-F169-4BD7-A51B-13562BE7A906} = {8291898C-C802-4A58-AAB3-3510C03AB2E3}
		{0262EA23-9A51-45F3-AB1E-43F0E9C2055E} = {8291898C-C802-4A58-AAB3-3510C03AB2E3}
		{86582637-841D-4F48-ADCC-D25213E54EA8} = {8291898C-C802-4A58-AAB3-3510C03AB2E3}
		{2535A991-A843-4AA0-AAAB-584D7929B5C3} = {72A2C301-AA7A-4936-93AF-E98B0172B627}
		{D8ABA5CC-DB27-4B77-AD9F-BF12191A065E} = {72A2C301-AA7A-4936-93AF-E98B0172B627}
		{E80A422E-A2EB-4E1B-9428-EA2B6E5194FF} = {72A2C301-AA7A-4936-93AF-E98B0172B627}
		{F47EF90A-A6E8-4BEA-9B13-01D1DBEB5246} = {EE937EBE-4459-4B9F-A7BD-43DD8F34E457}
		{75968ABF-EB1B-448A-8798-ED2F8D5F4169} = {FC0DA0FD-0671-4563-AD7F-12F55A6DFDA0}
		{AF420AD2-B233-4A6E-A162-D73096976465} = {FC0DA0FD-0671-4563-AD7F-12F55A6DFDA0}
		{9529C3DD-01CF-497F-8B70-4246C472C672} = {4737D0BF-B2B5-4645-9BF0-FAA8C97117FB}
		{5B64B888-AF60-4728-AFC4-F5036067EABE} = {4737D0BF-B2B5-4645-9BF0-FAA8C97117FB}
		{A2912AE5-B45D-47AD-BE26-688F749B577C} = {4737D0BF-B2B5-4645-9BF0-FAA8C97117FB}
	EndGlobalSection
EndGlobal
